
Microsoft Visual Studio Solution File, Format Version 12.00
# Visual Studio Version 17
VisualStudioVersion = 17.3.32929.385
MinimumVisualStudioVersion = 10.0.40219.1
Project("{9A19103F-16F7-4668-BE54-9A1E7A4F7556}") = "Employee_Manager_Client", "Employee_Manager_Client\Employee_Manager_Client.csproj", "{4B922577-C897-4C3B-A466-12A99E65B8D6}"
EndProject
Project("{9A19103F-16F7-4668-BE54-9A1E7A4F7556}") = "Employee_Manager_Models", "Employee_Manager_Models\Employee_Manager_Models.csproj", "{055F2B48-11F2-4D38-B5B5-7B2BF60612EF}"
EndProject
Project("{9A19103F-16F7-4668-BE54-9A1E7A4F7556}") = "Employee_Manager_API", "Employee_Manager_API\Employee_Manager_API.csproj", "{92D7F008-E3CD-478A-B0AE-017B7483054D}"
EndProject
Global
	GlobalSection(SolutionConfigurationPlatforms) = preSolution
		Debug|Any CPU = Debug|Any CPU
		Release|Any CPU = Release|Any CPU
	EndGlobalSection
	GlobalSection(ProjectConfigurationPlatforms) = postSolution
		{4B922577-C897-4C3B-A466-12A99E65B8D6}.Debug|Any CPU.ActiveCfg = Debug|Any CPU
		{4B922577-C897-4C3B-A466-12A99E65B8D6}.Debug|Any CPU.Build.0 = Debug|Any CPU
		{4B922577-C897-4C3B-A466-12A99E65B8D6}.Release|Any CPU.ActiveCfg = Release|Any CPU
		{4B922577-C897-4C3B-A466-12A99E65B8D6}.Release|Any CPU.Build.0 = Release|Any CPU
		{055F2B48-11F2-4D38-B5B5-7B2BF60612EF}.Debug|Any CPU.ActiveCfg = Debug|Any CPU
		{055F2B48-11F2-4D38-B5B5-7B2BF60612EF}.Debug|Any CPU.Build.0 = Debug|Any CPU
		{055F2B48-11F2-4D38-B5B5-7B2BF60612EF}.Release|Any CPU.ActiveCfg = Release|Any CPU
		{055F2B48-11F2-4D38-B5B5-7B2BF60612EF}.Release|Any CPU.Build.0 = Release|Any CPU
		{92D7F008-E3CD-478A-B0AE-017B7483054D}.Debug|Any CPU.ActiveCfg = Debug|Any CPU
		{92D7F008-E3CD-478A-B0AE-017B7483054D}.Debug|Any CPU.Build.0 = Debug|Any CPU
		{92D7F008-E3CD-478A-B0AE-017B7483054D}.Release|Any CPU.ActiveCfg = Release|Any CPU
		{92D7F008-E3CD-478A-B0AE-017B7483054D}.Release|Any CPU.Build.0 = Release|Any CPU
	EndGlobalSection
	GlobalSection(SolutionProperties) = preSolution
		HideSolutionNode = FALSE
	EndGlobalSection
	GlobalSection(ExtensibilityGlobals) = postSolution
		SolutionGuid = {3B229796-5828-4C33-B0A4-4255A036B4C2}
	EndGlobalSection
EndGlobal
